
Microsoft Visual Studio Solution File, Format Version 12.00
# Visual Studio 15
VisualStudioVersion = 15.0.28307.438
MinimumVisualStudioVersion = 10.0.40219.1
Project("{FAE04EC0-301F-11D3-BF4B-00C04F79EFBC}") = "LoopTime", "LoopTime\LoopTime.csproj", "{0C7B4F03-49BB-40BA-901C-7945D0EE3D1A}"
EndProject
Global
	GlobalSection(SolutionConfigurationPlatforms) = preSolution
		Debug|Any CPU = Debug|Any CPU
		Release|Any CPU = Release|Any CPU
	EndGlobalSection
	GlobalSection(ProjectConfigurationPlatforms) = postSolution
		{0C7B4F03-49BB-40BA-901C-7945D0EE3D1A}.Debug|Any CPU.ActiveCfg = Debug|Any CPU
		{0C7B4F03-49BB-40BA-901C-7945D0EE3D1A}.Debug|Any CPU.Build.0 = Debug|Any CPU
		{0C7B4F03-49BB-40BA-901C-7945D0EE3D1A}.Release|Any CPU.ActiveCfg = Release|Any CPU
		{0C7B4F03-49BB-40BA-901C-7945D0EE3D1A}.Release|Any CPU.Build.0 = Release|Any CPU
	EndGlobalSection
	GlobalSection(SolutionProperties) = preSolution
		HideSolutionNode = FALSE
	EndGlobalSection
	GlobalSection(ExtensibilityGlobals) = postSolution
		SolutionGuid = {2CA605BD-96B5-4AD7-9B1E-B8EF33B532F4}
	EndGlobalSection
EndGlobal
